# This file is autogenerated, do not edit; changes may be undone by the next 'dep ensure'.


[[projects]]
  branch = "master"
  name = "github.com/neelance/parallel"
  packages = ["."]
  revision = "4de9ce63d14c18517a79efe69e10e99d32c850c3"

[solve-meta]
  analyzer-name = "dep"
  analyzer-version = 1
  inputs-digest = "5cee123e66d33e8e63ab1f1a2ae68b744798e2093d92a855bfa52f7465b4c6ca"
  solver-name = "gps-cdcl"
  solver-version = 1
